
Microsoft Visual Studio Solution File, Format Version 12.00
# Visual Studio Version 16
VisualStudioVersion = 16.0.30523.141
MinimumVisualStudioVersion = 10.0.40219.1
Project("{FAE04EC0-301F-11D3-BF4B-00C04F79EFBC}") = "Cinema", "Cinema\Cinema.csproj", "{08FAC910-8123-4243-A108-8121702D131B}"
EndProject
Global
	GlobalSection(SolutionConfigurationPlatforms) = preSolution
		Debug|Any CPU = Debug|Any CPU
		Release|Any CPU = Release|Any CPU
	EndGlobalSection
	GlobalSection(ProjectConfigurationPlatforms) = postSolution
		{08FAC910-8123-4243-A108-8121702D131B}.Debug|Any CPU.ActiveCfg = Debug|Any CPU
		{08FAC910-8123-4243-A108-8121702D131B}.Debug|Any CPU.Build.0 = Debug|Any CPU
		{08FAC910-8123-4243-A108-8121702D131B}.Release|Any CPU.ActiveCfg = Release|Any CPU
		{08FAC910-8123-4243-A108-8121702D131B}.Release|Any CPU.Build.0 = Release|Any CPU
	EndGlobalSection
	GlobalSection(SolutionProperties) = preSolution
		HideSolutionNode = FALSE
	EndGlobalSection
	GlobalSection(ExtensibilityGlobals) = postSolution
		SolutionGuid = {F585E6D4-EE00-4FB2-8462-4E1DA5CEE73F}
	EndGlobalSection
EndGlobal
